
Microsoft Visual Studio Solution File, Format Version 12.00
# Visual Studio Version 17
VisualStudioVersion = 17.11.35312.102
MinimumVisualStudioVersion = 10.0.40219.1
Project("{FAE04EC0-301F-11D3-BF4B-00C04F79EFBC}") = "ToDoApp.API", "ToDoApp.API.csproj", "{51307BC1-F9E8-4A04-B092-AEDE32C727A6}"
EndProject
Global
	GlobalSection(SolutionConfigurationPlatforms) = preSolution
		Debug|Any CPU = Debug|Any CPU
		Release|Any CPU = Release|Any CPU
	EndGlobalSection
	GlobalSection(ProjectConfigurationPlatforms) = postSolution
		{51307BC1-F9E8-4A04-B092-AEDE32C727A6}.Debug|Any CPU.ActiveCfg = Debug|Any CPU
		{51307BC1-F9E8-4A04-B092-AEDE32C727A6}.Debug|Any CPU.Build.0 = Debug|Any CPU
		{51307BC1-F9E8-4A04-B092-AEDE32C727A6}.Release|Any CPU.ActiveCfg = Release|Any CPU
		{51307BC1-F9E8-4A04-B092-AEDE32C727A6}.Release|Any CPU.Build.0 = Release|Any CPU
	EndGlobalSection
	GlobalSection(SolutionProperties) = preSolution
		HideSolutionNode = FALSE
	EndGlobalSection
	GlobalSection(ExtensibilityGlobals) = postSolution
		SolutionGuid = {10C87A30-EFF6-4F42-818E-EDCD98618418}
	EndGlobalSection
EndGlobal
